github.com/awalterschulze/gographviz v0.0.0-20190522210029-fa59802746ab/go.mod h1:GEV5wmg4YquNw7v1kkyoX9etIk8yVmXj+AkDHuuETHs=
github.com/bykof/stateful v0.0.7 h1:n3ZPmPgOJGE1ojDeV1NJ377js3/adVEIU7nmTNT0d5Y=
github.com/bykof/stateful v0.0.7/go.mod h1:5wO+w/yEWi664H2LupP+kf54tHzjJwFx/z27b7nXVEQ=
github.com/davecgh/go-spew v1.1.0/go.mod h1:J7Y8YcW2NihsgmVo/mv3lAwl/skON4iLHjSsI+c5H38=
github.com/disintegration/imaging v1.6.0/go.mod h1:xuIt+sRxDFrHS0drzXUlCJthkJ8k7lkkUojDSR247MQ=
github.com/faiface/glhf v0.0.0-20181018222622-82a6317ac380 h1:FvZ0mIGh6b3kOITxUnxS3tLZMh7yEoHo75v3/AgUqg0=
github.com/faiface/glhf v0.0.0-20181018222622-82a6317ac380/go.mod h1:zqnPFFIuYFFxl7uH2gYByJwIVKG7fRqlqQCbzAnHs9g=
github.com/faiface/mainthread v0.0.0-20171120011319-8b78f0a41ae3 h1:baVdMKlASEHrj19iqjARrPbaRisD7EuZEVJj6ZMLl1Q=
github.com/faiface/mainthread v0.0.0-20171120011319-8b78f0a41ae3/go.mod h1:VEPNJUlxl5KdWjDvz6Q1l+rJlxF2i6xqDeGuGAxa87M=
github.com/faiface/pixel v0.8.0 h1:phOHW6ixfMAKRamjnvhI6FFI2VRyPEq7+LmmkDGXB/4=
github.com/faiface/pixel v0.8.0/go.mod h1:CEUU/s9E82Kqp01Boj1O67KnBskqiLghANqvUJGgDAM=
github.com/go-gl/gl v0.0.0-20190320180904-bf2b1f2f34d7 h1:SCYMcCJ89LjRGwEa0tRluNRiMjZHalQZrVrvTbPh+qw=
github.com/go-gl/gl v0.0.0-20190320180904-bf2b1f2f34d7/go.mod h1:482civXOzJJCPzJ4ZOX/pwvXBWSnzD4OKMdH4ClKGbk=
github.com/go-gl/glfw v0.0.0-20191125211704-12ad95a8df72 h1:LgLYrxDRSVv3kStk6louYTP1ekZ6t7HZY/X05KUyaeM=
github.com/go-gl/glfw v0.0.0-20191125211704-12ad95a8df72/go.mod h1:vR7hzQXu2zJy9AVAgeJqvqgH9Q5CA+iKCZ2gyEVpxRU=
github.com/go-gl/mathgl v0.0.0-20190713194549-592312d8590a h1:yoAEv7yeWqfL/l9A/J5QOndXIJCldv+uuQB1DSNQbS0=
github.com/go-gl/mathgl v0.0.0-20190713194549-592312d8590a/go.mod h1:yhpkQzEiH9yPyxDUGzkmgScbaBVlhC06qodikEM0ZwQ=
github.com/lafriks/go-tiled v0.0.0-20190603130650-161664af03ae h1:LlS8F5pzl5v/pjHkhHutKj1dqOciXNe6qB9rMmWgVwg=
github.com/lafriks/go-tiled v0.0.0-20190603130650-161664af03ae/go.mod h1:Aba7EqLXa1wXp0lNdpnaMcGaCcL3RU4Yk8hvYqOMUY8=
github.com/looplab/fsm v0.1.0 h1:Qte7Zdn/5hBNbXzP7yxVU4OIFHWXBovyTT2LaBTyC20=
github.com/looplab/fsm v0.1.0/go.mod h1:m2VaOfDHxqXBBMgc26m6yUOwkFn8H2AlJDE+jd/uafI=
github.com/pkg/errors v0.8.1 h1:iURUrRGxPUNPdy5/HRSm+Yj6okJ6UtLINN0Q9M4+h3I=
github.com/pkg/errors v0.8.1/go.mod h1:bwawxfHBFNV+L2hUp1rHADufV3IMtnDRdf1r5NINEl0=
github.com/pmezard/go-difflib v1.0.0/go.mod h1:iKH77koFhYxTK1pcRnkKkqfTogsbg7gZNVY4sRDYZ/4=
github.com/salviati/go-tmx v0.0.0-20180901011116-8dae25beffeb h1:xnT9hS4WTIDoD5dKlbDpBANISLHbW4JCEp4C5Mb4RLY=
github.com/salviati/go-tmx v0.0.0-20180901011116-8dae25beffeb/go.mod h1:MHMSHqNIP7nhf3dSczdtzy/1mKyYaQP7sHbXwmXvvaA=
github.com/stretchr/objx v0.1.0/go.mod h1:HFkY916IF+rwdDfMAkV7OtwuqBVzrE8GR6GFx+wExME=
github.com/stretchr/testify v1.3.0/go.mod h1:M5WIy9Dh21IEIfnGCwXGc5bZfKNJtfHm1UVUgZn+9EI=
golang.org/x/image v0.0.0-20180708004352-c73c2afc3b81/go.mod h1:ux5Hcp/YLpHSI86hEcLt0YII63i6oz57MZXIpbrjZUs=
golang.org/x/image v0.0.0-20190321063152-3fc05d484e9f h1:FO4MZ3N56GnxbqxGKqh+YTzUWQ2sDwtFQEZgLOxh9Jc=
golang.org/x/image v0.0.0-20190321063152-3fc05d484e9f/go.mod h1:kZ7UVZpmo3dzQBMxlp+ypCbDeSB+sBbTgSJuh5dn5js=
golang.org/x/text v0.3.0/go.mod h1:NqM8EUOU14njkJ3fqMW+pc6Ldnwhi/IjpwHt7yyuwOQ=
